# THIS IS AN AUTOGENERATED FILE. DO NOT EDIT THIS FILE DIRECTLY.
# yarn lockfile v1


"@webcomponents/custom-elements@https://github.com/webcomponents/custom-elements/archive/36451e1.tar.gz":
  version "1.0.0-alpha.3"
  resolved "https://github.com/webcomponents/custom-elements/archive/36451e1.tar.gz#cd5c86c032a375a5416e00a13e84455c2d716df0"

"@webcomponents/shadycss@https://github.com/webcomponents/shadycss/archive/bea402d.tar.gz":
  version "0.0.1"
  resolved "https://github.com/webcomponents/shadycss/archive/bea402d.tar.gz#421871c681610899ba10a433e4c920c9a31f4666"

"@webcomponents/shadydom@https://github.com/webcomponents/shadydom/archive/a8b4c4c.tar.gz":
  version "0.0.1"
  resolved "https://github.com/webcomponents/shadydom/archive/a8b4c4c.tar.gz#a89b55258362664724315a44b1d5967668f7ceb1"

array.from@^1.0.3:
  version "1.0.3"
  resolved "https://registry.yarnpkg.com/array.from/-/array.from-1.0.3.tgz#cb586aad92067f341229f41e0ed643281dba56b7"
  dependencies:
    define-properties "^1.1.2"
    es-abstract "^1.6.1"

define-properties@^1.1.2:
  version "1.1.2"
  resolved "https://registry.yarnpkg.com/define-properties/-/define-properties-1.1.2.tgz#83a73f2fea569898fb737193c8f873caf6d45c94"
  dependencies:
    foreach "^2.0.5"
    object-keys "^1.0.8"

es-abstract@^1.6.1:
  version "1.7.0"
  resolved "https://registry.yarnpkg.com/es-abstract/-/es-abstract-1.7.0.tgz#dfade774e01bfcd97f96180298c449c8623fb94c"
  dependencies:
    es-to-primitive "^1.1.1"
    function-bind "^1.1.0"
    is-callable "^1.1.3"
    is-regex "^1.0.3"

es-to-primitive@^1.1.1:
  version "1.1.1"
  resolved "https://registry.yarnpkg.com/es-to-primitive/-/es-to-primitive-1.1.1.tgz#45355248a88979034b6792e19bb81f2b7975dd0d"
  dependencies:
    is-callable "^1.1.1"
    is-date-object "^1.0.1"
    is-symbol "^1.0.1"

es6-promise@^4.0.5:
  version "4.0.5"
  resolved "https://registry.yarnpkg.com/es6-promise/-/es6-promise-4.0.5.tgz#7882f30adde5b240ccfa7f7d78c548330951ae42"

foreach@^2.0.5:
  version "2.0.5"
  resolved "https://registry.yarnpkg.com/foreach/-/foreach-2.0.5.tgz#0bee005018aeb260d0a3af3ae658dd0136ec1b99"

function-bind@^1.1.0:
  version "1.1.0"
  resolved "https://registry.yarnpkg.com/function-bind/-/function-bind-1.1.0.tgz#16176714c801798e4e8f2cf7f7529467bb4a5771"

highlight.js@^9.9.0:
  version "9.9.0"
  resolved "https://registry.yarnpkg.com/highlight.js/-/highlight.js-9.9.0.tgz#b9995dcfdc2773e307a34f0460d92b9a474782c0"

incremental-dom@0.4.1:
  version "0.4.1"
  resolved "https://registry.yarnpkg.com/incremental-dom/-/incremental-dom-0.4.1.tgz#80eb151969bd52054dc29a4720c4e89abd103401"

is-callable@^1.1.1, is-callable@^1.1.3:
  version "1.1.3"
  resolved "https://registry.yarnpkg.com/is-callable/-/is-callable-1.1.3.tgz#86eb75392805ddc33af71c92a0eedf74ee7604b2"

is-date-object@^1.0.1:
  version "1.0.1"
  resolved "https://registry.yarnpkg.com/is-date-object/-/is-date-object-1.0.1.tgz#9aa20eb6aeebbff77fbd33e74ca01b33581d3a16"

is-regex@^1.0.3:
  version "1.0.3"
  resolved "https://registry.yarnpkg.com/is-regex/-/is-regex-1.0.3.tgz#0d55182bddf9f2fde278220aec3a75642c908637"

is-symbol@^1.0.1:
  version "1.0.1"
  resolved "https://registry.yarnpkg.com/is-symbol/-/is-symbol-1.0.1.tgz#3cc59f00025194b6ab2e38dbae6689256b660572"

marked@^0.3.6:
  version "0.3.6"
  resolved "https://registry.yarnpkg.com/marked/-/marked-0.3.6.tgz#b2c6c618fccece4ef86c4fc6cb8a7cbf5aeda8d7"

object-keys@^1.0.10, object-keys@^1.0.8:
  version "1.0.11"
  resolved "https://registry.yarnpkg.com/object-keys/-/object-keys-1.0.11.tgz#c54601778ad560f1142ce0e01bcca8b56d13426d"

object.assign@^4.0.4:
  version "4.0.4"
  resolved "https://registry.yarnpkg.com/object.assign/-/object.assign-4.0.4.tgz#b1c9cc044ef1b9fe63606fc141abbb32e14730cc"
  dependencies:
    define-properties "^1.1.2"
    function-bind "^1.1.0"
    object-keys "^1.0.10"

raw-loader@^0.5.1:
  version "0.5.1"
  resolved "https://registry.yarnpkg.com/raw-loader/-/raw-loader-0.5.1.tgz#0c3d0beaed8a01c966d9787bf778281252a979aa"

skatejs-web-components@^5.1.0:
  version "5.1.0"
  resolved "https://registry.yarnpkg.com/skatejs-web-components/-/skatejs-web-components-5.1.0.tgz#1686e76c742850dadff1e5ecce3b499d7b0d38a3"
  dependencies:
    "@webcomponents/custom-elements" "https://github.com/webcomponents/custom-elements/archive/36451e1.tar.gz"
    "@webcomponents/shadycss" "https://github.com/webcomponents/shadycss/archive/bea402d.tar.gz"
    "@webcomponents/shadydom" "https://github.com/webcomponents/shadydom/archive/a8b4c4c.tar.gz"
    array.from "^1.0.3"
    es6-promise "^4.0.5"
    object.assign "^4.0.4"

skatejs@^4.6.6:
  version "4.6.6"
  resolved "https://registry.yarnpkg.com/skatejs/-/skatejs-4.6.6.tgz#5d68f6154cebac89d7344166782f8dc0aa156c03"
  dependencies:
    incremental-dom "0.4.1"
